
Microsoft Visual Studio Solution File, Format Version 12.00
# Visual Studio Version 16
VisualStudioVersion = 16.0.30804.86
MinimumVisualStudioVersion = 10.0.40219.1
Project("{FAE04EC0-301F-11D3-BF4B-00C04F79EFBC}") = "EntityFramework", "EntityFramework\EntityFramework.csproj", "{DDD141A8-5EA7-4F89-8D9F-0030FCCCEFE9}"
EndProject
Global
	GlobalSection(SolutionConfigurationPlatforms) = preSolution
		Debug|Any CPU = Debug|Any CPU
		Release|Any CPU = Release|Any CPU
	EndGlobalSection
	GlobalSection(ProjectConfigurationPlatforms) = postSolution
		{DDD141A8-5EA7-4F89-8D9F-0030FCCCEFE9}.Debug|Any CPU.ActiveCfg = Debug|Any CPU
		{DDD141A8-5EA7-4F89-8D9F-0030FCCCEFE9}.Debug|Any CPU.Build.0 = Debug|Any CPU
		{DDD141A8-5EA7-4F89-8D9F-0030FCCCEFE9}.Release|Any CPU.ActiveCfg = Release|Any CPU
		{DDD141A8-5EA7-4F89-8D9F-0030FCCCEFE9}.Release|Any CPU.Build.0 = Release|Any CPU
	EndGlobalSection
	GlobalSection(SolutionProperties) = preSolution
		HideSolutionNode = FALSE
	EndGlobalSection
	GlobalSection(ExtensibilityGlobals) = postSolution
		SolutionGuid = {75B5ED12-EC5D-4F8B-9207-A97B1BA26DFF}
	EndGlobalSection
EndGlobal
